
Microsoft Visual Studio Solution File, Format Version 12.00
# Visual Studio Version 16
VisualStudioVersion = 16.0.32106.194
MinimumVisualStudioVersion = 10.0.40219.1
Project("{FAE04EC0-301F-11D3-BF4B-00C04F79EFBC}") = "WebApplication1", "WebApplication1\WebApplication1.csproj", "{5C9C1846-D58D-4BCE-A18E-975C09E8BC48}"
EndProject
Global
	GlobalSection(SolutionConfigurationPlatforms) = preSolution
		Debug|Any CPU = Debug|Any CPU
		Release|Any CPU = Release|Any CPU
	EndGlobalSection
	GlobalSection(ProjectConfigurationPlatforms) = postSolution
		{5C9C1846-D58D-4BCE-A18E-975C09E8BC48}.Debug|Any CPU.ActiveCfg = Debug|Any CPU
		{5C9C1846-D58D-4BCE-A18E-975C09E8BC48}.Debug|Any CPU.Build.0 = Debug|Any CPU
		{5C9C1846-D58D-4BCE-A18E-975C09E8BC48}.Release|Any CPU.ActiveCfg = Release|Any CPU
		{5C9C1846-D58D-4BCE-A18E-975C09E8BC48}.Release|Any CPU.Build.0 = Release|Any CPU
	EndGlobalSection
	GlobalSection(SolutionProperties) = preSolution
		HideSolutionNode = FALSE
	EndGlobalSection
	GlobalSection(ExtensibilityGlobals) = postSolution
		SolutionGuid = {95A74115-DA1E-4E88-9A2A-1DCB6D62ABD4}
	EndGlobalSection
EndGlobal
